
Microsoft Visual Studio Solution File, Format Version 12.00
# Visual Studio Version 17
VisualStudioVersion = 17.10.35004.147
MinimumVisualStudioVersion = 10.0.40219.1
Project("{FAE04EC0-301F-11D3-BF4B-00C04F79EFBC}") = "autoClicker", "autoClicker.csproj", "{F795E3AC-AB68-4A92-9D26-C0520A3BD501}"
EndProject
Global
	GlobalSection(SolutionConfigurationPlatforms) = preSolution
		Debug|Any CPU = Debug|Any CPU
		Release|Any CPU = Release|Any CPU
	EndGlobalSection
	GlobalSection(ProjectConfigurationPlatforms) = postSolution
		{F795E3AC-AB68-4A92-9D26-C0520A3BD501}.Debug|Any CPU.ActiveCfg = Debug|Any CPU
		{F795E3AC-AB68-4A92-9D26-C0520A3BD501}.Debug|Any CPU.Build.0 = Debug|Any CPU
		{F795E3AC-AB68-4A92-9D26-C0520A3BD501}.Release|Any CPU.ActiveCfg = Release|Any CPU
		{F795E3AC-AB68-4A92-9D26-C0520A3BD501}.Release|Any CPU.Build.0 = Release|Any CPU
	EndGlobalSection
	GlobalSection(SolutionProperties) = preSolution
		HideSolutionNode = FALSE
	EndGlobalSection
	GlobalSection(ExtensibilityGlobals) = postSolution
		SolutionGuid = {B13F35E2-1562-488B-9417-5FEA17AF7893}
	EndGlobalSection
EndGlobal
